# This file is generated by running "yarn install" inside your project.
# Manual changes might be lost - proceed with caution!

__metadata:
  version: 4

"@thepinsteam/db-fleet-okteto@workspace:.":
  version: 0.0.0-use.local
  resolution: "@thepinsteam/db-fleet-okteto@workspace:."
  languageName: unknown
  linkType: soft
